
Microsoft Visual Studio Solution File, Format Version 12.00
# Visual Studio Version 17
VisualStudioVersion = 17.6.33717.318
MinimumVisualStudioVersion = 10.0.40219.1
Project("{9A19103F-16F7-4668-BE54-9A1E7A4F7556}") = "Core", "Core\Core.csproj", "{7E2FBB3D-4638-42BE-8333-D469BFD91ED0}"
EndProject
Project("{9A19103F-16F7-4668-BE54-9A1E7A4F7556}") = "Integration.API", "Integration.API\Integration.API.csproj", "{CCE0FDCE-1D79-4FFF-9F50-DA67E913C7D3}"
EndProject
Project("{FAE04EC0-301F-11D3-BF4B-00C04F79EFBC}") = "Catalogo.API", "Catalogo.API\Catalogo.API.csproj", "{AB556A87-59BA-40FF-81FD-6F8B4026C4DE}"
EndProject
Global
	GlobalSection(SolutionConfigurationPlatforms) = preSolution
		Debug|Any CPU = Debug|Any CPU
		Release|Any CPU = Release|Any CPU
	EndGlobalSection
	GlobalSection(ProjectConfigurationPlatforms) = postSolution
		{7E2FBB3D-4638-42BE-8333-D469BFD91ED0}.Debug|Any CPU.ActiveCfg = Debug|Any CPU
		{7E2FBB3D-4638-42BE-8333-D469BFD91ED0}.Debug|Any CPU.Build.0 = Debug|Any CPU
		{7E2FBB3D-4638-42BE-8333-D469BFD91ED0}.Release|Any CPU.ActiveCfg = Release|Any CPU
		{7E2FBB3D-4638-42BE-8333-D469BFD91ED0}.Release|Any CPU.Build.0 = Release|Any CPU
		{CCE0FDCE-1D79-4FFF-9F50-DA67E913C7D3}.Debug|Any CPU.ActiveCfg = Debug|Any CPU
		{CCE0FDCE-1D79-4FFF-9F50-DA67E913C7D3}.Debug|Any CPU.Build.0 = Debug|Any CPU
		{CCE0FDCE-1D79-4FFF-9F50-DA67E913C7D3}.Release|Any CPU.ActiveCfg = Release|Any CPU
		{CCE0FDCE-1D79-4FFF-9F50-DA67E913C7D3}.Release|Any CPU.Build.0 = Release|Any CPU
		{AB556A87-59BA-40FF-81FD-6F8B4026C4DE}.Debug|Any CPU.ActiveCfg = Debug|Any CPU
		{AB556A87-59BA-40FF-81FD-6F8B4026C4DE}.Debug|Any CPU.Build.0 = Debug|Any CPU
		{AB556A87-59BA-40FF-81FD-6F8B4026C4DE}.Release|Any CPU.ActiveCfg = Release|Any CPU
		{AB556A87-59BA-40FF-81FD-6F8B4026C4DE}.Release|Any CPU.Build.0 = Release|Any CPU
	EndGlobalSection
	GlobalSection(SolutionProperties) = preSolution
		HideSolutionNode = FALSE
	EndGlobalSection
	GlobalSection(ExtensibilityGlobals) = postSolution
		SolutionGuid = {978F9739-F679-427A-8BBE-0D3838A1AB0C}
	EndGlobalSection
EndGlobal
